<?xml version="1.0" encoding="utf-8"?>
<Project ToolsVersion="15.0" xmlns="http://schemas.microsoft.com/developer/msbuild/2003">
  <ItemGroup>
    <ClCompile Include="$(OPTIX_PATH)SDK\sutil\rply-1.01\rply.c" />
    <ClCompile Include="$(OPTIX_PATH)SDK\sutil\Arcball.cpp" />
    <ClCompile Include="$(OPTIX_PATH)SDK\sutil\HDRLoader.cpp" />
    <ClCompile Include="$(OPTIX_PATH)SDK\sutil\Mesh.cpp" />
    <ClCompile Include="$(OPTIX_PATH)SDK\sutil\OptiXMesh.cpp" />
    <ClCompile Include="$(OPTIX_PATH)SDK\sutil\PPMLoader.cpp" />
    <ClCompile Include="$(OPTIX_PATH)SDK\sutil\sutil.cpp" />
    <ClCompile Include="$(OPTIX_PATH)SDK\sutil\tinyobjloader\tiny_obj_loader.cc" />
    <ClCompile Include="$(OPTIX_PATH)SDK\sutil\glew.c" />
  </ItemGroup>
  <ItemGroup>
    <ClInclude Include="$(OPTIX_PATH)SDK\cuda\commonStructs.h" />
    <ClInclude Include="$(OPTIX_PATH)SDK\cuda\helpers.h" />
    <ClInclude Include="$(OPTIX_PATH)SDK\cuda\intersection_refinement.h" />
    <ClInclude Include="$(OPTIX_PATH)SDK\cuda\phong.h" />
    <ClInclude Include="$(OPTIX_PATH)SDK\cuda\random.h" />
    <ClInclude Include="$(OPTIX_PATH)SDK\sutil\rply-1.01\rply.h" />
    <ClInclude Include="$(OPTIX_PATH)SDK\sutil\Arcball.h" />
    <ClInclude Include="$(OPTIX_PATH)SDK\sutil\HDRLoader.h" />
    <ClInclude Include="$(OPTIX_PATH)SDK\sutil\Mesh.h" />
    <ClInclude Include="$(OPTIX_PATH)SDK\sutil\OptiXMesh.h" />
    <ClInclude Include="$(OPTIX_PATH)SDK\sutil\PPMLoader.h" />
    <ClInclude Include="$(OPTIX_PATH)SDK\build\sampleConfig.h" />
    <ClInclude Include="$(OPTIX_PATH)SDK\sutil\sutil.h" />
    <ClInclude Include="$(OPTIX_PATH)SDK\sutil\sutilapi.h" />
    <ClInclude Include="$(OPTIX_PATH)SDK\sutil\tinyobjloader\tiny_obj_loader.h" />
    <ClInclude Include="$(OPTIX_PATH)SDK\sutil\GL\glew.h" />
    <ClInclude Include="$(OPTIX_PATH)SDK\sutil\GL\wglew.h" />
  </ItemGroup>
  <ItemGroup>
    <None Include="$(OPTIX_PATH)SDK\cuda\phong.cu" />
    <None Include="$(OPTIX_PATH)SDK\cuda\triangle_mesh.cu" />
  </ItemGroup>
  <ItemGroup>
    <Filter Include="Source Files">
      <UniqueIdentifier>{FE1EBC80-822A-3067-B965-FA4E3F4E1EB1}</UniqueIdentifier>
    </Filter>
    <Filter Include="Header Files">
      <UniqueIdentifier>{EE3C4061-DF58-3316-964B-041ED9D32379}</UniqueIdentifier>
    </Filter>
  </ItemGroup>
</Project>